# This file was autogenerated by uv via the following command:
#    uv pip compile -o requirements.lock requirements.txt
annotated-types==0.7.0
    # via pydantic
anyio==4.11.0
    # via
    #   httpx
    #   starlette
certifi==2025.10.5
    # via
    #   httpcore
    #   httpx
click==8.3.0
    # via
    #   click-default-group
    #   sqlite-utils
    #   uvicorn
click-default-group==1.2.4
    # via sqlite-utils
fastapi==0.114.2
    # via -r requirements.txt
h11==0.16.0
    # via
    #   httpcore
    #   uvicorn
httpcore==1.0.9
    # via httpx
httpx==0.27.2
    # via -r requirements.txt
idna==3.11
    # via
    #   anyio
    #   httpx
mouseinfo==0.1.3
    # via pyautogui
mss==9.0.1
    # via -r requirements.txt
pillow==10.4.0
    # via
    #   -r requirements.txt
    #   pyscreeze
pluggy==1.6.0
    # via sqlite-utils
pyautogui==0.9.54
    # via -r requirements.txt
pydantic==2.9.2
    # via
    #   -r requirements.txt
    #   fastapi
pydantic-core==2.23.4
    # via pydantic
pygetwindow==0.0.9
    # via pyautogui
pymsgbox==2.0.1
    # via pyautogui
pyobjc-core==11.1
    # via
    #   pyautogui
    #   pyobjc-framework-cocoa
    #   pyobjc-framework-quartz
pyobjc-framework-cocoa==11.1
    # via pyobjc-framework-quartz
pyobjc-framework-quartz==11.1
    # via pyautogui
pyperclip==1.11.0
    # via mouseinfo
pyrect==0.2.0
    # via pygetwindow
pyscreeze==1.0.1
    # via pyautogui
python-dateutil==2.9.0.post0
    # via sqlite-utils
python-multipart==0.0.9
    # via -r requirements.txt
pytweening==1.2.0
    # via pyautogui
rubicon-objc==0.5.2
    # via mouseinfo
six==1.17.0
    # via python-dateutil
sniffio==1.3.1
    # via
    #   anyio
    #   httpx
sqlite-fts4==1.0.3
    # via sqlite-utils
sqlite-utils==3.36
    # via -r requirements.txt
starlette==0.38.6
    # via fastapi
tabulate==0.9.0
    # via sqlite-utils
typing-extensions==4.15.0
    # via
    #   anyio
    #   fastapi
    #   pydantic
    #   pydantic-core
uvicorn==0.30.6
    # via -r requirements.txt
